
Microsoft Visual Studio Solution File, Format Version 12.00
# Visual Studio Version 17
VisualStudioVersion = 17.8.34316.72
MinimumVisualStudioVersion = 10.0.40219.1
Project("{FAE04EC0-301F-11D3-BF4B-00C04F79EFBC}") = "CA3vin", "CA3vin\CA3vin.csproj", "{A25D5054-7C71-46F0-857D-653E74D24675}"
EndProject
Global
	GlobalSection(SolutionConfigurationPlatforms) = preSolution
		Debug|Any CPU = Debug|Any CPU
		Release|Any CPU = Release|Any CPU
	EndGlobalSection
	GlobalSection(ProjectConfigurationPlatforms) = postSolution
		{A25D5054-7C71-46F0-857D-653E74D24675}.Debug|Any CPU.ActiveCfg = Debug|Any CPU
		{A25D5054-7C71-46F0-857D-653E74D24675}.Debug|Any CPU.Build.0 = Debug|Any CPU
		{A25D5054-7C71-46F0-857D-653E74D24675}.Release|Any CPU.ActiveCfg = Release|Any CPU
		{A25D5054-7C71-46F0-857D-653E74D24675}.Release|Any CPU.Build.0 = Release|Any CPU
	EndGlobalSection
	GlobalSection(SolutionProperties) = preSolution
		HideSolutionNode = FALSE
	EndGlobalSection
	GlobalSection(ExtensibilityGlobals) = postSolution
		SolutionGuid = {FB1DB3DE-D3D9-4A42-8501-53ADA9451360}
	EndGlobalSection
EndGlobal
